
Microsoft Visual Studio Solution File, Format Version 12.00
# Visual Studio Version 16
VisualStudioVersion = 16.0.31321.278
MinimumVisualStudioVersion = 10.0.40219.1
Project("{9A19103F-16F7-4668-BE54-9A1E7A4F7556}") = "HsinTools.WindowTool", "HsinTools.WindowTool\HsinTools.WindowTool.csproj", "{B88F6F3C-015B-4E6B-90A8-EB14161BBBCB}"
EndProject
Global
	GlobalSection(SolutionConfigurationPlatforms) = preSolution
		Debug|Any CPU = Debug|Any CPU
		Release|Any CPU = Release|Any CPU
	EndGlobalSection
	GlobalSection(ProjectConfigurationPlatforms) = postSolution
		{B88F6F3C-015B-4E6B-90A8-EB14161BBBCB}.Debug|Any CPU.ActiveCfg = Debug|Any CPU
		{B88F6F3C-015B-4E6B-90A8-EB14161BBBCB}.Debug|Any CPU.Build.0 = Debug|Any CPU
		{B88F6F3C-015B-4E6B-90A8-EB14161BBBCB}.Release|Any CPU.ActiveCfg = Release|Any CPU
		{B88F6F3C-015B-4E6B-90A8-EB14161BBBCB}.Release|Any CPU.Build.0 = Release|Any CPU
	EndGlobalSection
	GlobalSection(SolutionProperties) = preSolution
		HideSolutionNode = FALSE
	EndGlobalSection
	GlobalSection(ExtensibilityGlobals) = postSolution
		SolutionGuid = {F57D0216-96AC-4DE6-9BA8-A7F247C6F4A5}
	EndGlobalSection
EndGlobal
